{
  "name": "bruce-",
  "version": "1.0.1",
  "lockfileVersion": 1,
  "requires": true,
  "dependencies": {
    "chris_cryptojs_encrypto_decrypto": {
      "version": "1.0.0",
      "resolved": "https://registry.npmmirror.com/chris_cryptojs_encrypto_decrypto/-/chris_cryptojs_encrypto_decrypto-1.0.0.tgz",
      "integrity": "sha512-7VXDmTYI10FXje+wXHEdQPxHTPlAQGsNKOHkspsqepAsptn/c+21ph6aLP6H6Jp6aq2ODeEg8+dXwcQEaN5B0A==",
      "requires": {
        "dayjs": "^1.11.10",
        "picasso-library": "^1.0.1"
      }
    },
    "crypto": {
      "version": "1.0.1",
      "resolved": "https://registry.npmmirror.com/crypto/-/crypto-1.0.1.tgz",
      "integrity": "sha512-VxBKmeNcqQdiUQUW2Tzq0t377b54N2bMtXO/qiLa+6eRRmmC4qT3D4OnTGoT/U6O9aklQ/jTwbOtRMTTY8G0Ig=="
    },
    "dayjs": {
      "version": "1.11.10",
      "resolved": "https://registry.npmmirror.com/dayjs/-/dayjs-1.11.10.tgz",
      "integrity": "sha512-vjAczensTgRcqDERK0SR2XMwsF/tSvnvlv6VcF2GIhg6Sx4yOIt/irsr1RDJsKiIyBzJDpCoXiWWq28MqH2cnQ=="
    },
    "picasso-library": {
      "version": "1.0.1",
      "resolved": "https://registry.npmmirror.com/picasso-library/-/picasso-library-1.0.1.tgz",
      "integrity": "sha512-P2bBk4rHjWStZEuKWD79UxFt16TkEF3aIAk9A5a/BuhGxkxI0Nt3xEC18+IVYHbpoS9UlkTlSdXoDwCIG6YGkw==",
      "requires": {
        "dayjs": "^1.11.10",
        "wy_jscolor": "^1.0.1"
      }
    },
    "wy_jscolor": {
      "version": "1.0.3",
      "resolved": "https://registry.npmmirror.com/wy_jscolor/-/wy_jscolor-1.0.3.tgz",
      "integrity": "sha512-HIWWOh+/mtzt+AJTJLW+fNhFF7VA1ZJkLHDu3nZFZw9o9loaUchl+INljQ5kC1G3mQh26i3BJyfS2bpUPxF7ZQ==",
      "requires": {
        "dayjs": "^1.11.10",
        "picasso-library": "^1.0.1"
      }
    }
  }
}
